
Microsoft Visual Studio Solution File, Format Version 12.00
# Visual Studio Version 17
VisualStudioVersion = 17.1.32210.238
MinimumVisualStudioVersion = 10.0.40219.1
Project("{8BC9CEB8-8B4A-11D0-8D11-00A0C91BC942}") = "File io", "File io\File io.vcxproj", "{88F9CA7A-8ED9-4357-A363-8ABF68591A74}"
EndProject
Global
	GlobalSection(SolutionConfigurationPlatforms) = preSolution
		Debug|x64 = Debug|x64
		Debug|x86 = Debug|x86
		Release|x64 = Release|x64
		Release|x86 = Release|x86
	EndGlobalSection
	GlobalSection(ProjectConfigurationPlatforms) = postSolution
		{88F9CA7A-8ED9-4357-A363-8ABF68591A74}.Debug|x64.ActiveCfg = Debug|x64
		{88F9CA7A-8ED9-4357-A363-8ABF68591A74}.Debug|x64.Build.0 = Debug|x64
		{88F9CA7A-8ED9-4357-A363-8ABF68591A74}.Debug|x86.ActiveCfg = Debug|Win32
		{88F9CA7A-8ED9-4357-A363-8ABF68591A74}.Debug|x86.Build.0 = Debug|Win32
		{88F9CA7A-8ED9-4357-A363-8ABF68591A74}.Release|x64.ActiveCfg = Release|x64
		{88F9CA7A-8ED9-4357-A363-8ABF68591A74}.Release|x64.Build.0 = Release|x64
		{88F9CA7A-8ED9-4357-A363-8ABF68591A74}.Release|x86.ActiveCfg = Release|Win32
		{88F9CA7A-8ED9-4357-A363-8ABF68591A74}.Release|x86.Build.0 = Release|Win32
	EndGlobalSection
	GlobalSection(SolutionProperties) = preSolution
		HideSolutionNode = FALSE
	EndGlobalSection
	GlobalSection(ExtensibilityGlobals) = postSolution
		SolutionGuid = {A13962AF-8A6E-4BEE-AA25-31766B6D16EB}
	EndGlobalSection
EndGlobal
